// !$*UTF8*$!
{
	archiveVersion = 1;
	classes = {
	};
	objectVersion = 46;
	objects = {

/* Begin PBXBuildFile section */
		9766C89119F2396A0041468F /* AppDelegate.swift in Sources */ = {isa = PBXBuildFile; fileRef = 9766C89019F2396A0041468F /* AppDelegate.swift */; };
		9766C89319F2396A0041468F /* ViewController.swift in Sources */ = {isa = PBXBuildFile; fileRef = 9766C89219F2396A0041468F /* ViewController.swift */; };
		9766C89619F2396A0041468F /* Main.storyboard in Resources */ = {isa = PBXBuildFile; fileRef = 9766C89419F2396A0041468F /* Main.storyboard */; };
		9766C89819F2396A0041468F /* Images.xcassets in Resources */ = {isa = PBXBuildFile; fileRef = 9766C89719F2396A0041468F /* Images.xcassets */; };
		9766C89B19F2396A0041468F /* LaunchScreen.xib in Resources */ = {isa = PBXBuildFile; fileRef = 9766C89919F2396A0041468F /* LaunchScreen.xib */; };
		9766C8A719F2396A0041468F /* BullsEyeTests.swift in Sources */ = {isa = PBXBuildFile; fileRef = 9766C8A619F2396A0041468F /* BullsEyeTests.swift */; };
		97DE33AA19F6A794007C84F3 /* AboutViewController.swift in Sources */ = {isa = PBXBuildFile; fileRef = 97DE33A919F6A794007C84F3 /* AboutViewController.swift */; };
		97DE33AC19F6B8E4007C84F3 /* BullsEye.html in Resources */ = {isa = PBXBuildFile; fileRef = 97DE33AB19F6B8E4007C84F3 /* BullsEye.html */; };
/* End PBXBuildFile section */

/* Begin PBXContainerItemProxy section */
		9766C8A119F2396A0041468F /* PBXContainerItemProxy */ = {
			isa = PBXContainerItemProxy;
			containerPortal = 9766C88319F2396A0041468F /* Project object */;
			proxyType = 1;
			remoteGlobalIDString = 9766C88A19F2396A0041468F;
			remoteInfo = BullsEye;
		};
/* End PBXContainerItemProxy section */

/* Begin PBXFileReference section */
		9766C88B19F2396A0041468F /* BullsEye.app */ = {isa = PBXFileReference; explicitFileType = wrapper.application; includeInIndex = 0; path = BullsEye.app; sourceTree = BUILT_PRODUCTS_DIR; };
		9766C88F19F2396A0041468F /* Info.plist */ = {isa = PBXFileReference; lastKnownFileType = text.plist.xml; path = Info.plist; sourceTree = "<group>"; };
		9766C89019F2396A0041468F /* AppDelegate.swift */ = {isa = PBXFileReference; lastKnownFileType = sourcecode.swift; path = AppDelegate.swift; sourceTree = "<group>"; };
		9766C89219F2396A0041468F /* ViewController.swift */ = {isa = PBXFileReference; lastKnownFileType = sourcecode.swift; path = ViewController.swift; sourceTree = "<group>"; };
		9766C89519F2396A0041468F /* Base */ = {isa = PBXFileReference; lastKnownFileType = file.storyboard; name = Base; path = Base.lproj/Main.storyboard; sourceTree = "<group>"; };
		9766C89719F2396A0041468F /* Images.xcassets */ = {isa = PBXFileReference; lastKnownFileType = folder.assetcatalog; path = Images.xcassets; sourceTree = "<group>"; };
		9766C89A19F2396A0041468F /* Base */ = {isa = PBXFileReference; lastKnownFileType = file.xib; name = Base; path = Base.lproj/LaunchScreen.xib; sourceTree = "<group>"; };
		9766C8A019F2396A0041468F /* BullsEyeTests.xctest */ = {isa = PBXFileReference; explicitFileType = wrapper.cfbundle; includeInIndex = 0; path = BullsEyeTests.xctest; sourceTree = BUILT_PRODUCTS_DIR; };
		9766C8A519F2396A0041468F /* Info.plist */ = {isa = PBXFileReference; lastKnownFileType = text.plist.xml; path = Info.plist; sourceTree = "<group>"; };
		9766C8A619F2396A0041468F /* BullsEyeTests.swift */ = {isa = PBXFileReference; lastKnownFileType = sourcecode.swift; path = BullsEyeTests.swift; sourceTree = "<group>"; };
		97DE33A919F6A794007C84F3 /* AboutViewController.swift */ = {isa = PBXFileReference; fileEncoding = 4; lastKnownFileType = sourcecode.swift; path = AboutViewController.swift; sourceTree = "<group>"; };
		97DE33AB19F6B8E4007C84F3 /* BullsEye.html */ = {isa = PBXFileReference; fileEncoding = 4; lastKnownFileType = text.html; path = BullsEye.html; sourceTree = "<group>"; };
/* End PBXFileReference section */

/* Begin PBXFrameworksBuildPhase section */
		9766C88819F2396A0041468F /* Frameworks */ = {
			isa = PBXFrameworksBuildPhase;
			buildActionMask = 2147483647;
			files = (
			);
			runOnlyForDeploymentPostprocessing = 0;
		};
		9766C89D19F2396A0041468F /* Frameworks */ = {
			isa = PBXFrameworksBuildPhase;
			buildActionMask = 2147483647;
			files = (
			);
			runOnlyForDeploymentPostprocessing = 0;
		};
/* End PBXFrameworksBuildPhase section */

/* Begin PBXGroup section */
		9766C88219F2396A0041468F = {
			isa = PBXGroup;
			children = (
				9766C88D19F2396A0041468F /* BullsEye */,
				9766C8A319F2396A0041468F /* BullsEyeTests */,
				9766C88C19F2396A0041468F /* Products */,
			);
			sourceTree = "<group>";
		};
		9766C88C19F2396A0041468F /* Products */ = {
			isa = PBXGroup;
			children = (
				9766C88B19F2396A0041468F /* BullsEye.app */,
				9766C8A019F2396A0041468F /* BullsEyeTests.xctest */,
			);
			name = Products;
			sourceTree = "<group>";
		};
		9766C88D19F2396A0041468F /* BullsEye */ = {
			isa = PBXGroup;
			children = (
				97DE33AB19F6B8E4007C84F3 /* BullsEye.html */,
				9766C89219F2396A0041468F /* ViewController.swift */,
				9766C89419F2396A0041468F /* Main.storyboard */,
				9766C89719F2396A0041468F /* Images.xcassets */,
				9766C88E19F2396A0041468F /* Supporting Files */,
				97DE33A919F6A794007C84F3 /* AboutViewController.swift */,
			);
			path = BullsEye;
			sourceTree = "<group>";
		};
		9766C88E19F2396A0041468F /* Supporting Files */ = {
			isa = PBXGroup;
			children = (
				9766C89919F2396A0041468F /* LaunchScreen.xib */,
				9766C89019F2396A0041468F /* AppDelegate.swift */,
				9766C88F19F2396A0041468F /* Info.plist */,
			);
			name = "Supporting Files";
			sourceTree = "<group>";
		};
		9766C8A319F2396A0041468F /* BullsEyeTests */ = {
			isa = PBXGroup;
			children = (
				9766C8A619F2396A0041468F /* BullsEyeTests.swift */,
				9766C8A419F2396A0041468F /* Supporting Files */,
			);
			path = BullsEyeTests;
			sourceTree = "<group>";
		};
		9766C8A419F2396A0041468F /* Supporting Files */ = {
			isa = PBXGroup;
			children = (
				9766C8A519F2396A0041468F /* Info.plist */,
			);
			name = "Supporting Files";
			sourceTree = "<group>";
		};
/* End PBXGroup section */

/* Begin PBXNativeTarget section */
		9766C88A19F2396A0041468F /* BullsEye */ = {
			isa = PBXNativeTarget;
			buildConfigurationList = 9766C8AA19F2396A0041468F /* Build configuration list for PBXNativeTarget "BullsEye" */;
			buildPhases = (
				9766C88719F2396A0041468F /* Sources */,
				9766C88819F2396A0041468F /* Frameworks */,
				9766C88919F2396A0041468F /* Resources */,
			);
			buildRules = (
			);
			dependencies = (
			);
			name = BullsEye;
			productName = BullsEye;
			productReference = 9766C88B19F2396A0041468F /* BullsEye.app */;
			productType = "com.apple.product-type.application";
		};
		9766C89F19F2396A0041468F /* BullsEyeTests */ = {
			isa = PBXNativeTarget;
			buildConfigurationList = 9766C8AD19F2396A0041468F /* Build configuration list for PBXNativeTarget "BullsEyeTests" */;
			buildPhases = (
				9766C89C19F2396A0041468F /* Sources */,
				9766C89D19F2396A0041468F /* Frameworks */,
				9766C89E19F2396A0041468F /* Resources */,
			);
			buildRules = (
			);
			dependencies = (
				9766C8A219F2396A0041468F /* PBXTargetDependency */,
			);
			name = BullsEyeTests;
			productName = BullsEyeTests;
			productReference = 9766C8A019F2396A0041468F /* BullsEyeTests.xctest */;
			productType = "com.apple.product-type.bundle.unit-test";
		};
/* End PBXNativeTarget section */

/* Begin PBXProject section */
		9766C88319F2396A0041468F /* Project object */ = {
			isa = PBXProject;
			attributes = {
				LastUpgradeCheck = 0600;
				ORGANIZATIONNAME = sora;
				TargetAttributes = {
					9766C88A19F2396A0041468F = {
						CreatedOnToolsVersion = 6.0.1;
					};
					9766C89F19F2396A0041468F = {
						CreatedOnToolsVersion = 6.0.1;
						TestTargetID = 9766C88A19F2396A0041468F;
					};
				};
			};
			buildConfigurationList = 9766C88619F2396A0041468F /* Build configuration list for PBXProject "BullsEye" */;
			compatibilityVersion = "Xcode 3.2";
			developmentRegion = English;
			hasScannedForEncodings = 0;
			knownRegions = (
				en,
				Base,
			);
			mainGroup = 9766C88219F2396A0041468F;
			productRefGroup = 9766C88C19F2396A0041468F /* Products */;
			projectDirPath = "";
			projectRoot = "";
			targets = (
				9766C88A19F2396A0041468F /* BullsEye */,
				9766C89F19F2396A0041468F /* BullsEyeTests */,
			);
		};
/* End PBXProject section */

/* Begin PBXResourcesBuildPhase section */
		9766C88919F2396A0041468F /* Resources */ = {
			isa = PBXResourcesBuildPhase;
			buildActionMask = 2147483647;
			files = (
				9766C89619F2396A0041468F /* Main.storyboard in Resources */,
				97DE33AC19F6B8E4007C84F3 /* BullsEye.html in Resources */,
				9766C89B19F2396A0041468F /* LaunchScreen.xib in Resources */,
				9766C89819F2396A0041468F /* Images.xcassets in Resources */,
			);
			runOnlyForDeploymentPostprocessing = 0;
		};
		9766C89E19F2396A0041468F /* Resources */ = {
			isa = PBXResourcesBuildPhase;
			buildActionMask = 2147483647;
			files = (
			);
			runOnlyForDeploymentPostprocessing = 0;
		};
/* End PBXResourcesBuildPhase section */

/* Begin PBXSourcesBuildPhase section */
		9766C88719F2396A0041468F /* Sources */ = {
			isa = PBXSourcesBuildPhase;
			buildActionMask = 2147483647;
			files = (
				97DE33AA19F6A794007C84F3 /* AboutViewController.swift in Sources */,
				9766C89319F2396A0041468F /* ViewController.swift in Sources */,
				9766C89119F2396A0041468F /* AppDelegate.swift in Sources */,
			);
			runOnlyForDeploymentPostprocessing = 0;
		};
		9766C89C19F2396A0041468F /* Sources */ = {
			isa = PBXSourcesBuildPhase;
			buildActionMask = 2147483647;
			files = (
				9766C8A719F2396A0041468F /* BullsEyeTests.swift in Sources */,
			);
			runOnlyForDeploymentPostprocessing = 0;
		};
/* End PBXSourcesBuildPhase section */

/* Begin PBXTargetDependency section */
		9766C8A219F2396A0041468F /* PBXTargetDependency */ = {
			isa = PBXTargetDependency;
			target = 9766C88A19F2396A0041468F /* BullsEye */;
			targetProxy = 9766C8A119F2396A0041468F /* PBXContainerItemProxy */;
		};
/* End PBXTargetDependency section */

/* Begin PBXVariantGroup section */
		9766C89419F2396A0041468F /* Main.storyboard */ = {
			isa = PBXVariantGroup;
			children = (
				9766C89519F2396A0041468F /* Base */,
			);
			name = Main.storyboard;
			sourceTree = "<group>";
		};
		9766C89919F2396A0041468F /* LaunchScreen.xib */ = {
			isa = PBXVariantGroup;
			children = (
				9766C89A19F2396A0041468F /* Base */,
			);
			name = LaunchScreen.xib;
			sourceTree = "<group>";
		};
/* End PBXVariantGroup section */

/* Begin XCBuildConfiguration section */
		9766C8A819F2396A0041468F /* Debug */ = {
			isa = XCBuildConfiguration;
			buildSettings = {
				ALWAYS_SEARCH_USER_PATHS = NO;
				CLANG_CXX_LANGUAGE_STANDARD = "gnu++0x";
				CLANG_CXX_LIBRARY = "libc++";
				CLANG_ENABLE_MODULES = YES;
				CLANG_ENABLE_OBJC_ARC = YES;
				CLANG_WARN_BOOL_CONVERSION = YES;
				CLANG_WARN_CONSTANT_CONVERSION = YES;
				CLANG_WARN_DIRECT_OBJC_ISA_USAGE = YES_ERROR;
				CLANG_WARN_EMPTY_BODY = YES;
				CLANG_WARN_ENUM_CONVERSION = YES;
				CLANG_WARN_INT_CONVERSION = YES;
				CLANG_WARN_OBJC_ROOT_CLASS = YES_ERROR;
				CLANG_WARN_UNREACHABLE_CODE = YES;
				CLANG_WARN__DUPLICATE_METHOD_MATCH = YES;
				"CODE_SIGN_IDENTITY[sdk=iphoneos*]" = "iPhone Developer";
				COPY_PHASE_STRIP = NO;
				ENABLE_STRICT_OBJC_MSGSEND = YES;
				GCC_C_LANGUAGE_STANDARD = gnu99;
				GCC_DYNAMIC_NO_PIC = NO;
				GCC_OPTIMIZATION_LEVEL = 0;
				GCC_PREPROCESSOR_DEFINITIONS = (
					"DEBUG=1",
					"$(inherited)",
				);
				GCC_SYMBOLS_PRIVATE_EXTERN = NO;
				GCC_WARN_64_TO_32_BIT_CONVERSION = YES;
				GCC_WARN_ABOUT_RETURN_TYPE = YES_ERROR;
				GCC_WARN_UNDECLARED_SELECTOR = YES;
				GCC_WARN_UNINITIALIZED_AUTOS = YES_AGGRESSIVE;
				GCC_WARN_UNUSED_FUNCTION = YES;
				GCC_WARN_UNUSED_VARIABLE = YES;
				IPHONEOS_DEPLOYMENT_TARGET = 8.0;
				MTL_ENABLE_DEBUG_INFO = YES;
				ONLY_ACTIVE_ARCH = YES;
				SDKROOT = iphoneos;
				SWIFT_OPTIMIZATION_LEVEL = "-Onone";
			};
			name = Debug;
		};
		9766C8A919F2396A0041468F /* Release */ = {
			isa = XCBuildConfiguration;
			buildSettings = {
				ALWAYS_SEARCH_USER_PATHS = NO;
				CLANG_CXX_LANGUAGE_STANDARD = "gnu++0x";
				CLANG_CXX_LIBRARY = "libc++";
				CLANG_ENABLE_MODULES = YES;
				CLANG_ENABLE_OBJC_ARC = YES;
				CLANG_WARN_BOOL_CONVERSION = YES;
				CLANG_WARN_CONSTANT_CONVERSION = YES;
				CLANG_WARN_DIRECT_OBJC_ISA_USAGE = YES_ERROR;
				CLANG_WARN_EMPTY_BODY = YES;
				CLANG_WARN_ENUM_CONVERSION = YES;
				CLANG_WARN_INT_CONVERSION = YES;
				CLANG_WARN_OBJC_ROOT_CLASS = YES_ERROR;
				CLANG_WARN_UNREACHABLE_CODE = YES;
				CLANG_WARN__DUPLICATE_METHOD_MATCH = YES;
				"CODE_SIGN_IDENTITY[sdk=iphoneos*]" = "iPhone Developer";
				COPY_PHASE_STRIP = YES;
				ENABLE_NS_ASSERTIONS = NO;
				ENABLE_STRICT_OBJC_MSGSEND = YES;
				GCC_C_LANGUAGE_STANDARD = gnu99;
				GCC_WARN_64_TO_32_BIT_CONVERSION = YES;
				GCC_WARN_ABOUT_RETURN_TYPE = YES_ERROR;
				GCC_WARN_UNDECLARED_SELECTOR = YES;
				GCC_WARN_UNINITIALIZED_AUTOS = YES_AGGRESSIVE;
				GCC_WARN_UNUSED_FUNCTION = YES;
				GCC_WARN_UNUSED_VARIABLE = YES;
				IPHONEOS_DEPLOYMENT_TARGET = 8.0;
				MTL_ENABLE_DEBUG_INFO = NO;
				SDKROOT = iphoneos;
				VALIDATE_PRODUCT = YES;
			};
			name = Release;
		};
		9766C8AB19F2396A0041468F /* Debug */ = {
			isa = XCBuildConfiguration;
			buildSettings = {
				ASSETCATALOG_COMPILER_APPICON_NAME = AppIcon;
				INFOPLIST_FILE = BullsEye/Info.plist;
				LD_RUNPATH_SEARCH_PATHS = "$(inherited) @executable_path/Frameworks";
				PRODUCT_NAME = "$(TARGET_NAME)";
			};
			name = Debug;
		};
		9766C8AC19F2396A0041468F /* Release */ = {
			isa = XCBuildConfiguration;
			buildSettings = {
				ASSETCATALOG_COMPILER_APPICON_NAME = AppIcon;
				INFOPLIST_FILE = BullsEye/Info.plist;
				LD_RUNPATH_SEARCH_PATHS = "$(inherited) @executable_path/Frameworks";
				PRODUCT_NAME = "$(TARGET_NAME)";
			};
			name = Release;
		};
		9766C8AE19F2396A0041468F /* Debug */ = {
			isa = XCBuildConfiguration;
			buildSettings = {
				BUNDLE_LOADER = "$(TEST_HOST)";
				FRAMEWORK_SEARCH_PATHS = (
					"$(SDKROOT)/Developer/Library/Frameworks",
					"$(inherited)",
				);
				GCC_PREPROCESSOR_DEFINITIONS = (
					"DEBUG=1",
					"$(inherited)",
				);
				INFOPLIST_FILE = BullsEyeTests/Info.plist;
				LD_RUNPATH_SEARCH_PATHS = "$(inherited) @executable_path/Frameworks @loader_path/Frameworks";
				PRODUCT_NAME = "$(TARGET_NAME)";
				TEST_HOST = "$(BUILT_PRODUCTS_DIR)/BullsEye.app/BullsEye";
			};
			name = Debug;
		};
		9766C8AF19F2396A0041468F /* Release */ = {
			isa = XCBuildConfiguration;
			buildSettings = {
				BUNDLE_LOADER = "$(TEST_HOST)";
				FRAMEWORK_SEARCH_PATHS = (
					"$(SDKROOT)/Developer/Library/Frameworks",
					"$(inherited)",
				);
				INFOPLIST_FILE = BullsEyeTests/Info.plist;
				LD_RUNPATH_SEARCH_PATHS = "$(inherited) @executable_path/Frameworks @loader_path/Frameworks";
				PRODUCT_NAME = "$(TARGET_NAME)";
				TEST_HOST = "$(BUILT_PRODUCTS_DIR)/BullsEye.app/BullsEye";
			};
			name = Release;
		};
/* End XCBuildConfiguration section */

/* Begin XCConfigurationList section */
		9766C88619F2396A0041468F /* Build configuration list for PBXProject "BullsEye" */ = {
			isa = XCConfigurationList;
			buildConfigurations = (
				9766C8A819F2396A0041468F /* Debug */,
				9766C8A919F2396A0041468F /* Release */,
			);
			defaultConfigurationIsVisible = 0;
			defaultConfigurationName = Release;
		};
		9766C8AA19F2396A0041468F /* Build configuration list for PBXNativeTarget "BullsEye" */ = {
			isa = XCConfigurationList;
			buildConfigurations = (
				9766C8AB19F2396A0041468F /* Debug */,
				9766C8AC19F2396A0041468F /* Release */,
			);
			defaultConfigurationIsVisible = 0;
			defaultConfigurationName = Release;
		};
		9766C8AD19F2396A0041468F /* Build configuration list for PBXNativeTarget "BullsEyeTests" */ = {
			isa = XCConfigurationList;
			buildConfigurations = (
				9766C8AE19F2396A0041468F /* Debug */,
				9766C8AF19F2396A0041468F /* Release */,
			);
			defaultConfigurationIsVisible = 0;
			defaultConfigurationName = Release;
		};
/* End XCConfigurationList section */
	};
	rootObject = 9766C88319F2396A0041468F /* Project object */;
}
